
Microsoft Visual Studio Solution File, Format Version 12.00
# Visual Studio 15
VisualStudioVersion = 15.0.28307.489
MinimumVisualStudioVersion = 10.0.40219.1
Project("{FAE04EC0-301F-11D3-BF4B-00C04F79EFBC}") = "SampleAccord.Net", "SampleAccord.Net\SampleAccord.Net.csproj", "{5A96E5F8-D26B-4650-B309-796285C7810A}"
EndProject
Global
	GlobalSection(SolutionConfigurationPlatforms) = preSolution
		Debug|Any CPU = Debug|Any CPU
		Release|Any CPU = Release|Any CPU
	EndGlobalSection
	GlobalSection(ProjectConfigurationPlatforms) = postSolution
		{5A96E5F8-D26B-4650-B309-796285C7810A}.Debug|Any CPU.ActiveCfg = Debug|Any CPU
		{5A96E5F8-D26B-4650-B309-796285C7810A}.Debug|Any CPU.Build.0 = Debug|Any CPU
		{5A96E5F8-D26B-4650-B309-796285C7810A}.Release|Any CPU.ActiveCfg = Release|Any CPU
		{5A96E5F8-D26B-4650-B309-796285C7810A}.Release|Any CPU.Build.0 = Release|Any CPU
	EndGlobalSection
	GlobalSection(SolutionProperties) = preSolution
		HideSolutionNode = FALSE
	EndGlobalSection
	GlobalSection(ExtensibilityGlobals) = postSolution
		SolutionGuid = {E64B6B12-ADEC-4137-AC6E-57C7B5E55B11}
	EndGlobalSection
EndGlobal
